
Microsoft Visual Studio Solution File, Format Version 12.00
# Visual Studio Version 17
VisualStudioVersion = 17.5.002.0
MinimumVisualStudioVersion = 10.0.40219.1
Project("{9A19103F-16F7-4668-BE54-9A1E7A4F7556}") = "ProtaTestTrack2", "ProtaTestTrack2\ProtaTestTrack2.csproj", "{DA2AF271-0665-46A9-9306-EED6B6E3700E}"
EndProject
Global
	GlobalSection(SolutionConfigurationPlatforms) = preSolution
		Debug|Any CPU = Debug|Any CPU
		Release|Any CPU = Release|Any CPU
	EndGlobalSection
	GlobalSection(ProjectConfigurationPlatforms) = postSolution
		{DA2AF271-0665-46A9-9306-EED6B6E3700E}.Debug|Any CPU.ActiveCfg = Debug|Any CPU
		{DA2AF271-0665-46A9-9306-EED6B6E3700E}.Debug|Any CPU.Build.0 = Debug|Any CPU
		{DA2AF271-0665-46A9-9306-EED6B6E3700E}.Release|Any CPU.ActiveCfg = Release|Any CPU
		{DA2AF271-0665-46A9-9306-EED6B6E3700E}.Release|Any CPU.Build.0 = Release|Any CPU
	EndGlobalSection
	GlobalSection(SolutionProperties) = preSolution
		HideSolutionNode = FALSE
	EndGlobalSection
	GlobalSection(ExtensibilityGlobals) = postSolution
		SolutionGuid = {BA08B3F6-A972-47E7-BC35-727D68491C47}
	EndGlobalSection
EndGlobal
